Microsoft Visual Studio Solution File, Format Version 12.00
# Visual Studio Version 17
VisualStudioVersion = 17.5.2.0
MinimumVisualStudioVersion = 10.0.40219.1
Project("{FAE04EC0-301F-11D3-BF4B-00C04F79EFBC}") = "LISTA 05", "LISTA 05.csproj", "{EC2BFC3D-33A0-3DE9-EDBF-5C814AF0BF3E}"
EndProject
Global
	GlobalSection(SolutionConfigurationPlatforms) = preSolution
		Debug|Any CPU = Debug|Any CPU
		Release|Any CPU = Release|Any CPU
	EndGlobalSection
	GlobalSection(ProjectConfigurationPlatforms) = postSolution
		{EC2BFC3D-33A0-3DE9-EDBF-5C814AF0BF3E}.Debug|Any CPU.ActiveCfg = Debug|Any CPU
		{EC2BFC3D-33A0-3DE9-EDBF-5C814AF0BF3E}.Debug|Any CPU.Build.0 = Debug|Any CPU
		{EC2BFC3D-33A0-3DE9-EDBF-5C814AF0BF3E}.Release|Any CPU.ActiveCfg = Release|Any CPU
		{EC2BFC3D-33A0-3DE9-EDBF-5C814AF0BF3E}.Release|Any CPU.Build.0 = Release|Any CPU
	EndGlobalSection
	GlobalSection(SolutionProperties) = preSolution
		HideSolutionNode = FALSE
	EndGlobalSection
	GlobalSection(ExtensibilityGlobals) = postSolution
		SolutionGuid = {A560A0DA-137E-4CB8-BCFF-CA8D560DC5F4}
	EndGlobalSection
EndGlobal
